<?xml version="1.0" encoding="utf-8"?>
<Project ToolsVersion="4.0" xmlns="http://schemas.microsoft.com/developer/msbuild/2003">
  <ItemGroup>
    <Filter Include="Source Files">
      <UniqueIdentifier>{4FC737F1-C7A5-4376-A066-2A32D752A2FF}</UniqueIdentifier>
      <Extensions>cpp;c;cc;cxx;def;odl;idl;hpj;bat;asm;asmx</Extensions>
    </Filter>
    <Filter Include="Header Files">
      <UniqueIdentifier>{93995380-89BD-4b04-88EB-625FBE52EBFB}</UniqueIdentifier>
      <Extensions>h;hh;hpp;hxx;hm;inl;inc;xsd</Extensions>
    </Filter>
    <Filter Include="Resource Files">
      <UniqueIdentifier>{67DA6AB6-F800-4c08-8B7A-83BB121AAD01}</UniqueIdentifier>
      <Extensions>rc;ico;cur;bmp;dlg;rc2;rct;bin;rgs;gif;jpg;jpeg;jpe;resx;tiff;tif;png;wav;mfcribbon-ms</Extensions>
    </Filter>
    <Filter Include="Shaders">
      <UniqueIdentifier>{3dac389e-1ffc-49c8-9ad8-3881e06fe88c}</UniqueIdentifier>
    </Filter>
    <Filter Include="Managers">
      <UniqueIdentifier>{052d6356-759c-4a7d-af83-e673fd2037b3}</UniqueIdentifier>
    </Filter>
    <Filter Include="App">
      <UniqueIdentifier>{da869d46-9ceb-4b73-a856-0291a9a0f515}</UniqueIdentifier>
    </Filter>
    <Filter Include="Renderer">
      <UniqueIdentifier>{d2fc8e7e-67eb-4fe8-bb3b-899a58113a3b}</UniqueIdentifier>
    </Filter>
    <Filter Include="Techniques">
      <UniqueIdentifier>{5c23043e-e794-4d6c-a915-2a2521091ea6}</UniqueIdentifier>
    </Filter>
  </ItemGroup>
  <ItemGroup>
    <ClInclude Include="stdafx.h">
      <Filter>Header Files</Filter>
    </ClInclude>
    <ClInclude Include="ShaderManager.h">
      <Filter>Managers</Filter>
    </ClInclude>
    <ClInclude Include="windowsApp.h">
      <Filter>App</Filter>
    </ClInclude>
    <ClInclude Include="DirectxHelper.h">
      <Filter>Managers</Filter>
    </ClInclude>
    <ClInclude Include="ScreenQuadRenderer.h">
      <Filter>Renderer</Filter>
    </ClInclude>
    <ClInclude Include="CameraManager.h">
      <Filter>Managers</Filter>
    </ClInclude>
    <ClInclude Include="SphereRenderer.h">
      <Filter>Renderer</Filter>
    </ClInclude>
    <ClInclude Include="VertexStructures.h">
      <Filter>Header Files</Filter>
    </ClInclude>
    <ClInclude Include="d3dx12.h">
      <Filter>Header Files</Filter>
    </ClInclude>
    <ClInclude Include="DirectXMathConverter.h">
      <Filter>Header Files</Filter>
    </ClInclude>
    <ClInclude Include="DirectxApp.h">
      <Filter>App</Filter>
    </ClInclude>
    <ClInclude Include="DeferredRender.h">
      <Filter>Techniques</Filter>
    </ClInclude>
  </ItemGroup>
  <ItemGroup>
    <ClCompile Include="stdafx.cpp">
      <Filter>Source Files</Filter>
    </ClCompile>
    <ClCompile Include="ShaderManager.cpp">
      <Filter>Managers</Filter>
    </ClCompile>
    <ClCompile Include="main.cpp">
      <Filter>Source Files</Filter>
    </ClCompile>
    <ClCompile Include="windowsApp.cpp">
      <Filter>App</Filter>
    </ClCompile>
    <ClCompile Include="DirectxHelper.cpp">
      <Filter>Managers</Filter>
    </ClCompile>
    <ClCompile Include="ScreenQuadRenderer.cpp">
      <Filter>Renderer</Filter>
    </ClCompile>
    <ClCompile Include="CameraManager.cpp">
      <Filter>Managers</Filter>
    </ClCompile>
    <ClCompile Include="SphereRenderer.cpp">
      <Filter>Renderer</Filter>
    </ClCompile>
    <ClCompile Include="DeferredRender.cpp">
      <Filter>Techniques</Filter>
    </ClCompile>
  </ItemGroup>
  <ItemGroup>
    <FxCompile Include="BasicVS.hlsl">
      <Filter>Shaders</Filter>
    </FxCompile>
    <FxCompile Include="BasicPS.hlsl">
      <Filter>Shaders</Filter>
    </FxCompile>
    <FxCompile Include="ScreenQuadVS.hlsl">
      <Filter>Shaders</Filter>
    </FxCompile>
    <FxCompile Include="LightPassPS.hlsl">
      <Filter>Shaders</Filter>
    </FxCompile>
  </ItemGroup>
  <ItemGroup>
    <None Include="Lighting.hlsli">
      <Filter>Shaders</Filter>
    </None>
    <None Include="DeferredRender.hlsli">
      <Filter>Shaders</Filter>
    </None>
  </ItemGroup>
</Project>